<?xml version="1.0" encoding="utf-8"?>
<Project ToolsVersion="4.0" xmlns="http://schemas.microsoft.com/developer/msbuild/2003">
  <ItemGroup>
    <Filter Include="source">
      <UniqueIdentifier>{4FC737F1-C7A5-4376-A066-2A32D752A2FF}</UniqueIdentifier>
      <Extensions>cpp;c;cc;cxx;def;odl;idl;hpj;bat;asm;asmx</Extensions>
    </Filter>
    <Filter Include="header">
      <UniqueIdentifier>{93995380-89BD-4b04-88EB-625FBE52EBFB}</UniqueIdentifier>
      <Extensions>h;hh;hpp;hxx;hm;inl;inc;xsd</Extensions>
    </Filter>
    <Filter Include="other">
      <UniqueIdentifier>{67DA6AB6-F800-4c08-8B7A-83BB121AAD01}</UniqueIdentifier>
      <Extensions>rc;ico;cur;bmp;dlg;rc2;rct;bin;rgs;gif;jpg;jpeg;jpe;resx;tiff;tif;png;wav;mfcribbon-ms</Extensions>
    </Filter>
  </ItemGroup>
  <ItemGroup>
    <ClInclude Include="stdafx.h">
      <Filter>header</Filter>
    </ClInclude>
    <ClInclude Include="targetver.h">
      <Filter>header</Filter>
    </ClInclude>
    <ClInclude Include="BoxMode.h">
      <Filter>header</Filter>
    </ClInclude>
    <ClInclude Include="ComMassivPtr.h">
      <Filter>header</Filter>
    </ClInclude>
    <ClInclude Include="ComPtrCustom.h">
      <Filter>header</Filter>
    </ClInclude>
    <ClInclude Include="DebugPrintOut.h">
      <Filter>header</Filter>
    </ClInclude>
    <ClInclude Include="FormatReader.h">
      <Filter>header</Filter>
    </ClInclude>
    <ClInclude Include="IRead.h">
      <Filter>header</Filter>
    </ClInclude>
    <ClInclude Include="IReadWriteBuffer.h">
      <Filter>header</Filter>
    </ClInclude>
    <ClInclude Include="IWrite.h">
      <Filter>header</Filter>
    </ClInclude>
    <ClInclude Include="MediaFoundation.h">
      <Filter>header</Filter>
    </ClInclude>
    <ClInclude Include="MF.h">
      <Filter>header</Filter>
    </ClInclude>
    <ClInclude Include="ReadWriteBufferFactory.h">
      <Filter>header</Filter>
    </ClInclude>
    <ClInclude Include="ReadWriteBufferRegularAsync.h">
      <Filter>header</Filter>
    </ClInclude>
    <ClInclude Include="ReadWriteBufferRegularSync.h">
      <Filter>header</Filter>
    </ClInclude>
    <ClInclude Include="VideoCaptureDevice.h">
      <Filter>header</Filter>
    </ClInclude>
    <ClInclude Include="VideoCaptureDeviceManager.h">
      <Filter>header</Filter>
    </ClInclude>
    <ClInclude Include="VideoCaptureSession.h">
      <Filter>header</Filter>
    </ClInclude>
    <ClInclude Include="VideoCaptureSink.h">
      <Filter>header</Filter>
    </ClInclude>
    <ClInclude Include="videoInput.h">
      <Filter>header</Filter>
    </ClInclude>
  </ItemGroup>
  <ItemGroup>
    <ClCompile Include="stdafx.cpp">
      <Filter>source</Filter>
    </ClCompile>
    <ClCompile Include="DebugPrintOut.cpp">
      <Filter>source</Filter>
    </ClCompile>
    <ClCompile Include="FormatReader.cpp">
      <Filter>source</Filter>
    </ClCompile>
    <ClCompile Include="MediaFoundation.cpp">
      <Filter>source</Filter>
    </ClCompile>
    <ClCompile Include="ReadWriteBufferFactory.cpp">
      <Filter>source</Filter>
    </ClCompile>
    <ClCompile Include="ReadWriteBufferRegularAsync.cpp">
      <Filter>source</Filter>
    </ClCompile>
    <ClCompile Include="ReadWriteBufferRegularSync.cpp">
      <Filter>source</Filter>
    </ClCompile>
    <ClCompile Include="VideoCaptureDevice.cpp">
      <Filter>source</Filter>
    </ClCompile>
    <ClCompile Include="VideoCaptureDeviceManager.cpp">
      <Filter>source</Filter>
    </ClCompile>
    <ClCompile Include="VideoCaptureSession.cpp">
      <Filter>source</Filter>
    </ClCompile>
    <ClCompile Include="VideoCaptureSink.cpp">
      <Filter>source</Filter>
    </ClCompile>
    <ClCompile Include="videoInput.cpp">
      <Filter>source</Filter>
    </ClCompile>
    <ClCompile Include="videoInput_wrap.cxx">
      <Filter>source</Filter>
    </ClCompile>
  </ItemGroup>
  <ItemGroup>
    <None Include="videoInput.i">
      <Filter>other</Filter>
    </None>
  </ItemGroup>
</Project>